// !$*UTF8*$!
{
	archiveVersion = 1;
	classes = {
	};
	objectVersion = 46;
	objects = {

/* Begin PBXBuildFile section */
		3A97ADA38C2673E1867A1C50 /* Pods_Devslopes_Social.framework in Frameworks */ = {isa = PBXBuildFile; fileRef = A58441FC5F6F6C1B1ED0F876 /* Pods_Devslopes_Social.framework */; };
		410C409B1E55875B007E490F /* LoadingVC.swift in Sources */ = {isa = PBXBuildFile; fileRef = 410C409A1E55875B007E490F /* LoadingVC.swift */; };
		410C40A21E55EF95007E490F /* User.swift in Sources */ = {isa = PBXBuildFile; fileRef = 410C40A11E55EF95007E490F /* User.swift */; };
		4128D1351E56E7EA00BFCEF0 /* AddPostVC.swift in Sources */ = {isa = PBXBuildFile; fileRef = 4128D1341E56E7EA00BFCEF0 /* AddPostVC.swift */; };
		414E39691E56296A00740FC0 /* SocialCell.swift in Sources */ = {isa = PBXBuildFile; fileRef = 414E39681E56296A00740FC0 /* SocialCell.swift */; };
		414E396B1E562B3000740FC0 /* Post.swift in Sources */ = {isa = PBXBuildFile; fileRef = 414E396A1E562B3000740FC0 /* Post.swift */; };
		41D2AA401E51C6CD005478A5 /* AppDelegate.swift in Sources */ = {isa = PBXBuildFile; fileRef = 41D2AA3F1E51C6CD005478A5 /* AppDelegate.swift */; };
		41D2AA421E51C6CD005478A5 /* ViewController.swift in Sources */ = {isa = PBXBuildFile; fileRef = 41D2AA411E51C6CD005478A5 /* ViewController.swift */; };
		41D2AA451E51C6CD005478A5 /* Main.storyboard in Resources */ = {isa = PBXBuildFile; fileRef = 41D2AA431E51C6CD005478A5 /* Main.storyboard */; };
		41D2AA471E51C6CD005478A5 /* Assets.xcassets in Resources */ = {isa = PBXBuildFile; fileRef = 41D2AA461E51C6CD005478A5 /* Assets.xcassets */; };
		41D2AA4A1E51C6CD005478A5 /* LaunchScreen.storyboard in Resources */ = {isa = PBXBuildFile; fileRef = 41D2AA481E51C6CD005478A5 /* LaunchScreen.storyboard */; };
		41D2AA521E51C77F005478A5 /* GoogleService-Info.plist in Resources */ = {isa = PBXBuildFile; fileRef = 41D2AA511E51C77F005478A5 /* GoogleService-Info.plist */; };
		41D8E9E01E54503F0054C0C6 /* FeedVC.swift in Sources */ = {isa = PBXBuildFile; fileRef = 41D8E9DF1E54503F0054C0C6 /* FeedVC.swift */; };
		41D8EA001E548D610054C0C6 /* SignupVC.swift in Sources */ = {isa = PBXBuildFile; fileRef = 41D8E9FF1E548D610054C0C6 /* SignupVC.swift */; };
		41D8EA021E549B110054C0C6 /* SignupDoneDelegate.swift in Sources */ = {isa = PBXBuildFile; fileRef = 41D8EA011E549B110054C0C6 /* SignupDoneDelegate.swift */; };
		41FA6CE81E52E10500B6249E /* FancyView.swift in Sources */ = {isa = PBXBuildFile; fileRef = 41FA6CE71E52E10500B6249E /* FancyView.swift */; };
		41FA6CEB1E52E43300B6249E /* Constants.swift in Sources */ = {isa = PBXBuildFile; fileRef = 41FA6CEA1E52E43300B6249E /* Constants.swift */; };
		41FA6CED1E52EF9100B6249E /* RoundedButton.swift in Sources */ = {isa = PBXBuildFile; fileRef = 41FA6CEC1E52EF9100B6249E /* RoundedButton.swift */; };
		41FA6D0F1E52F7FC00B6249E /* FancyField.swift in Sources */ = {isa = PBXBuildFile; fileRef = 41FA6D0E1E52F7FC00B6249E /* FancyField.swift */; };
		41FA6D111E52F92500B6249E /* FancyButton.swift in Sources */ = {isa = PBXBuildFile; fileRef = 41FA6D101E52F92500B6249E /* FancyButton.swift */; };
/* End PBXBuildFile section */

/* Begin PBXFileReference section */
		3080EC977E070216F957CA43 /* Pods-Devslopes Social.debug.xcconfig */ = {isa = PBXFileReference; includeInIndex = 1; lastKnownFileType = text.xcconfig; name = "Pods-Devslopes Social.debug.xcconfig"; path = "Pods/Target Support Files/Pods-Devslopes Social/Pods-Devslopes Social.debug.xcconfig"; sourceTree = "<group>"; };
		410C409A1E55875B007E490F /* LoadingVC.swift */ = {isa = PBXFileReference; fileEncoding = 4; lastKnownFileType = sourcecode.swift; path = LoadingVC.swift; sourceTree = "<group>"; };
		410C40A11E55EF95007E490F /* User.swift */ = {isa = PBXFileReference; fileEncoding = 4; lastKnownFileType = sourcecode.swift; path = User.swift; sourceTree = "<group>"; };
		4128D1341E56E7EA00BFCEF0 /* AddPostVC.swift */ = {isa = PBXFileReference; fileEncoding = 4; lastKnownFileType = sourcecode.swift; path = AddPostVC.swift; sourceTree = "<group>"; };
		414625501E531A9300A1496C /* Devslopes Social.entitlements */ = {isa = PBXFileReference; lastKnownFileType = text.plist.entitlements; path = "Devslopes Social.entitlements"; sourceTree = "<group>"; };
		414E39681E56296A00740FC0 /* SocialCell.swift */ = {isa = PBXFileReference; fileEncoding = 4; lastKnownFileType = sourcecode.swift; path = SocialCell.swift; sourceTree = "<group>"; };
		414E396A1E562B3000740FC0 /* Post.swift */ = {isa = PBXFileReference; fileEncoding = 4; lastKnownFileType = sourcecode.swift; path = Post.swift; sourceTree = "<group>"; };
		41D2AA3C1E51C6CD005478A5 /* Devslopes Social.app */ = {isa = PBXFileReference; explicitFileType = wrapper.application; includeInIndex = 0; path = "Devslopes Social.app"; sourceTree = BUILT_PRODUCTS_DIR; };
		41D2AA3F1E51C6CD005478A5 /* AppDelegate.swift */ = {isa = PBXFileReference; lastKnownFileType = sourcecode.swift; path = AppDelegate.swift; sourceTree = "<group>"; };
		41D2AA411E51C6CD005478A5 /* ViewController.swift */ = {isa = PBXFileReference; lastKnownFileType = sourcecode.swift; path = ViewController.swift; sourceTree = "<group>"; };
		41D2AA441E51C6CD005478A5 /* Base */ = {isa = PBXFileReference; lastKnownFileType = file.storyboard; name = Base; path = Base.lproj/Main.storyboard; sourceTree = "<group>"; };
		41D2AA461E51C6CD005478A5 /* Assets.xcassets */ = {isa = PBXFileReference; lastKnownFileType = folder.assetcatalog; path = Assets.xcassets; sourceTree = "<group>"; };
		41D2AA491E51C6CD005478A5 /* Base */ = {isa = PBXFileReference; lastKnownFileType = file.storyboard; name = Base; path = Base.lproj/LaunchScreen.storyboard; sourceTree = "<group>"; };
		41D2AA4B1E51C6CD005478A5 /* Info.plist */ = {isa = PBXFileReference; lastKnownFileType = text.plist.xml; path = Info.plist; sourceTree = "<group>"; };
		41D2AA511E51C77F005478A5 /* GoogleService-Info.plist */ = {isa = PBXFileReference; fileEncoding = 4; lastKnownFileType = text.plist.xml; path = "GoogleService-Info.plist"; sourceTree = "<group>"; };
		41D8E9DF1E54503F0054C0C6 /* FeedVC.swift */ = {isa = PBXFileReference; fileEncoding = 4; lastKnownFileType = sourcecode.swift; path = FeedVC.swift; sourceTree = "<group>"; };
		41D8E9FF1E548D610054C0C6 /* SignupVC.swift */ = {isa = PBXFileReference; fileEncoding = 4; lastKnownFileType = sourcecode.swift; path = SignupVC.swift; sourceTree = "<group>"; };
		41D8EA011E549B110054C0C6 /* SignupDoneDelegate.swift */ = {isa = PBXFileReference; fileEncoding = 4; lastKnownFileType = sourcecode.swift; path = SignupDoneDelegate.swift; sourceTree = "<group>"; };
		41FA6CE71E52E10500B6249E /* FancyView.swift */ = {isa = PBXFileReference; fileEncoding = 4; lastKnownFileType = sourcecode.swift; path = FancyView.swift; sourceTree = "<group>"; };
		41FA6CEA1E52E43300B6249E /* Constants.swift */ = {isa = PBXFileReference; fileEncoding = 4; lastKnownFileType = sourcecode.swift; path = Constants.swift; sourceTree = "<group>"; };
		41FA6CEC1E52EF9100B6249E /* RoundedButton.swift */ = {isa = PBXFileReference; fileEncoding = 4; lastKnownFileType = sourcecode.swift; path = RoundedButton.swift; sourceTree = "<group>"; };
		41FA6D0E1E52F7FC00B6249E /* FancyField.swift */ = {isa = PBXFileReference; fileEncoding = 4; lastKnownFileType = sourcecode.swift; path = FancyField.swift; sourceTree = "<group>"; };
		41FA6D101E52F92500B6249E /* FancyButton.swift */ = {isa = PBXFileReference; fileEncoding = 4; lastKnownFileType = sourcecode.swift; path = FancyButton.swift; sourceTree = "<group>"; };
		A03F33BDE770427362396BF8 /* Pods-Devslopes Social.release.xcconfig */ = {isa = PBXFileReference; includeInIndex = 1; lastKnownFileType = text.xcconfig; name = "Pods-Devslopes Social.release.xcconfig"; path = "Pods/Target Support Files/Pods-Devslopes Social/Pods-Devslopes Social.release.xcconfig"; sourceTree = "<group>"; };
		A58441FC5F6F6C1B1ED0F876 /* Pods_Devslopes_Social.framework */ = {isa = PBXFileReference; explicitFileType = wrapper.framework; includeInIndex = 0; path = Pods_Devslopes_Social.framework; sourceTree = BUILT_PRODUCTS_DIR; };
/* End PBXFileReference section */

/* Begin PBXFrameworksBuildPhase section */
		41D2AA391E51C6CD005478A5 /* Frameworks */ = {
			isa = PBXFrameworksBuildPhase;
			buildActionMask = 2147483647;
			files = (
				3A97ADA38C2673E1867A1C50 /* Pods_Devslopes_Social.framework in Frameworks */,
			);
			runOnlyForDeploymentPostprocessing = 0;
		};
/* End PBXFrameworksBuildPhase section */

/* Begin PBXGroup section */
		410C40A01E55EF8A007E490F /* Model */ = {
			isa = PBXGroup;
			children = (
				410C40A11E55EF95007E490F /* User.swift */,
				414E396A1E562B3000740FC0 /* Post.swift */,
			);
			name = Model;
			sourceTree = "<group>";
		};
		41D2AA331E51C6CD005478A5 = {
			isa = PBXGroup;
			children = (
				41D2AA3E1E51C6CD005478A5 /* Devslopes Social */,
				41D2AA3D1E51C6CD005478A5 /* Products */,
				5975F1681F587028A04FBFFF /* Pods */,
				9D256C02F0BE735E16504E1B /* Frameworks */,
			);
			sourceTree = "<group>";
		};
		41D2AA3D1E51C6CD005478A5 /* Products */ = {
			isa = PBXGroup;
			children = (
				41D2AA3C1E51C6CD005478A5 /* Devslopes Social.app */,
			);
			name = Products;
			sourceTree = "<group>";
		};
		41D2AA3E1E51C6CD005478A5 /* Devslopes Social */ = {
			isa = PBXGroup;
			children = (
				410C40A01E55EF8A007E490F /* Model */,
				41D8E9DE1E54501A0054C0C6 /* ViewController */,
				414625501E531A9300A1496C /* Devslopes Social.entitlements */,
				41FA6CE91E52E42500B6249E /* Util */,
				41FA6CE61E52E0F100B6249E /* View */,
				41D2AA3F1E51C6CD005478A5 /* AppDelegate.swift */,
				41D2AA431E51C6CD005478A5 /* Main.storyboard */,
				41D2AA461E51C6CD005478A5 /* Assets.xcassets */,
				41D2AA481E51C6CD005478A5 /* LaunchScreen.storyboard */,
				41D2AA4B1E51C6CD005478A5 /* Info.plist */,
				41D2AA511E51C77F005478A5 /* GoogleService-Info.plist */,
			);
			path = "Devslopes Social";
			sourceTree = "<group>";
		};
		41D8E9DE1E54501A0054C0C6 /* ViewController */ = {
			isa = PBXGroup;
			children = (
				41D2AA411E51C6CD005478A5 /* ViewController.swift */,
				41D8E9DF1E54503F0054C0C6 /* FeedVC.swift */,
				41D8E9FF1E548D610054C0C6 /* SignupVC.swift */,
				41D8EA011E549B110054C0C6 /* SignupDoneDelegate.swift */,
				410C409A1E55875B007E490F /* LoadingVC.swift */,
				4128D1341E56E7EA00BFCEF0 /* AddPostVC.swift */,
			);
			name = ViewController;
			sourceTree = "<group>";
		};
		41FA6CE61E52E0F100B6249E /* View */ = {
			isa = PBXGroup;
			children = (
				414E39681E56296A00740FC0 /* SocialCell.swift */,
				41FA6CE71E52E10500B6249E /* FancyView.swift */,
				41FA6CEC1E52EF9100B6249E /* RoundedButton.swift */,
				41FA6D0E1E52F7FC00B6249E /* FancyField.swift */,
				41FA6D101E52F92500B6249E /* FancyButton.swift */,
			);
			name = View;
			sourceTree = "<group>";
		};
		41FA6CE91E52E42500B6249E /* Util */ = {
			isa = PBXGroup;
			children = (
				41FA6CEA1E52E43300B6249E /* Constants.swift */,
			);
			name = Util;
			sourceTree = "<group>";
		};
		5975F1681F587028A04FBFFF /* Pods */ = {
			isa = PBXGroup;
			children = (
				3080EC977E070216F957CA43 /* Pods-Devslopes Social.debug.xcconfig */,
				A03F33BDE770427362396BF8 /* Pods-Devslopes Social.release.xcconfig */,
			);
			name = Pods;
			sourceTree = "<group>";
		};
		9D256C02F0BE735E16504E1B /* Frameworks */ = {
			isa = PBXGroup;
			children = (
				A58441FC5F6F6C1B1ED0F876 /* Pods_Devslopes_Social.framework */,
			);
			name = Frameworks;
			sourceTree = "<group>";
		};
/* End PBXGroup section */

/* Begin PBXNativeTarget section */
		41D2AA3B1E51C6CD005478A5 /* Devslopes Social */ = {
			isa = PBXNativeTarget;
			buildConfigurationList = 41D2AA4E1E51C6CD005478A5 /* Build configuration list for PBXNativeTarget "Devslopes Social" */;
			buildPhases = (
				2B1FCE47B3E21DE4DEFBA675 /* [CP] Check Pods Manifest.lock */,
				41D2AA381E51C6CD005478A5 /* Sources */,
				41D2AA391E51C6CD005478A5 /* Frameworks */,
				41D2AA3A1E51C6CD005478A5 /* Resources */,
				E71F3443A3F05C9842D221E5 /* [CP] Embed Pods Frameworks */,
				8CA9595B2E7BFB1C59024D17 /* [CP] Copy Pods Resources */,
			);
			buildRules = (
			);
			dependencies = (
			);
			name = "Devslopes Social";
			productName = "Devslopes Social";
			productReference = 41D2AA3C1E51C6CD005478A5 /* Devslopes Social.app */;
			productType = "com.apple.product-type.application";
		};
/* End PBXNativeTarget section */

/* Begin PBXProject section */
		41D2AA341E51C6CD005478A5 /* Project object */ = {
			isa = PBXProject;
			attributes = {
				LastSwiftUpdateCheck = 0820;
				LastUpgradeCheck = 0820;
				ORGANIZATIONNAME = Ravi;
				TargetAttributes = {
					41D2AA3B1E51C6CD005478A5 = {
						CreatedOnToolsVersion = 8.2.1;
						DevelopmentTeam = M8X7U3UDJW;
						ProvisioningStyle = Automatic;
						SystemCapabilities = {
							com.apple.Keychain = {
								enabled = 1;
							};
						};
					};
				};
			};
			buildConfigurationList = 41D2AA371E51C6CD005478A5 /* Build configuration list for PBXProject "Devslopes Social" */;
			compatibilityVersion = "Xcode 3.2";
			developmentRegion = English;
			hasScannedForEncodings = 0;
			knownRegions = (
				en,
				Base,
			);
			mainGroup = 41D2AA331E51C6CD005478A5;
			productRefGroup = 41D2AA3D1E51C6CD005478A5 /* Products */;
			projectDirPath = "";
			projectRoot = "";
			targets = (
				41D2AA3B1E51C6CD005478A5 /* Devslopes Social */,
			);
		};
/* End PBXProject section */

/* Begin PBXResourcesBuildPhase section */
		41D2AA3A1E51C6CD005478A5 /* Resources */ = {
			isa = PBXResourcesBuildPhase;
			buildActionMask = 2147483647;
			files = (
				41D2AA4A1E51C6CD005478A5 /* LaunchScreen.storyboard in Resources */,
				41D2AA521E51C77F005478A5 /* GoogleService-Info.plist in Resources */,
				41D2AA471E51C6CD005478A5 /* Assets.xcassets in Resources */,
				41D2AA451E51C6CD005478A5 /* Main.storyboard in Resources */,
			);
			runOnlyForDeploymentPostprocessing = 0;
		};
/* End PBXResourcesBuildPhase section */

/* Begin PBXShellScriptBuildPhase section */
		2B1FCE47B3E21DE4DEFBA675 /* [CP] Check Pods Manifest.lock */ = {
			isa = PBXShellScriptBuildPhase;
			buildActionMask = 2147483647;
			files = (
			);
			inputPaths = (
			);
			name = "[CP] Check Pods Manifest.lock";
			outputPaths = (
			);
			runOnlyForDeploymentPostprocessing = 0;
			shellPath = /bin/sh;
			shellScript = "diff \"${PODS_ROOT}/../Podfile.lock\" \"${PODS_ROOT}/Manifest.lock\" > /dev/null\nif [ $? != 0 ] ; then\n    # print error to STDERR\n    echo \"error: The sandbox is not in sync with the Podfile.lock. Run 'pod install' or update your CocoaPods installation.\" >&2\n    exit 1\nfi\n";
			showEnvVarsInLog = 0;
		};
		8CA9595B2E7BFB1C59024D17 /* [CP] Copy Pods Resources */ = {
			isa = PBXShellScriptBuildPhase;
			buildActionMask = 2147483647;
			files = (
			);
			inputPaths = (
			);
			name = "[CP] Copy Pods Resources";
			outputPaths = (
			);
			runOnlyForDeploymentPostprocessing = 0;
			shellPath = /bin/sh;
			shellScript = "\"${SRCROOT}/Pods/Target Support Files/Pods-Devslopes Social/Pods-Devslopes Social-resources.sh\"\n";
			showEnvVarsInLog = 0;
		};
		E71F3443A3F05C9842D221E5 /* [CP] Embed Pods Frameworks */ = {
			isa = PBXShellScriptBuildPhase;
			buildActionMask = 2147483647;
			files = (
			);
			inputPaths = (
			);
			name = "[CP] Embed Pods Frameworks";
			outputPaths = (
			);
			runOnlyForDeploymentPostprocessing = 0;
			shellPath = /bin/sh;
			shellScript = "\"${SRCROOT}/Pods/Target Support Files/Pods-Devslopes Social/Pods-Devslopes Social-frameworks.sh\"\n";
			showEnvVarsInLog = 0;
		};
/* End PBXShellScriptBuildPhase section */

/* Begin PBXSourcesBuildPhase section */
		41D2AA381E51C6CD005478A5 /* Sources */ = {
			isa = PBXSourcesBuildPhase;
			buildActionMask = 2147483647;
			files = (
				41FA6D0F1E52F7FC00B6249E /* FancyField.swift in Sources */,
				4128D1351E56E7EA00BFCEF0 /* AddPostVC.swift in Sources */,
				41D2AA421E51C6CD005478A5 /* ViewController.swift in Sources */,
				41FA6CED1E52EF9100B6249E /* RoundedButton.swift in Sources */,
				41D8EA001E548D610054C0C6 /* SignupVC.swift in Sources */,
				41D8EA021E549B110054C0C6 /* SignupDoneDelegate.swift in Sources */,
				414E396B1E562B3000740FC0 /* Post.swift in Sources */,
				41FA6D111E52F92500B6249E /* FancyButton.swift in Sources */,
				41D8E9E01E54503F0054C0C6 /* FeedVC.swift in Sources */,
				41D2AA401E51C6CD005478A5 /* AppDelegate.swift in Sources */,
				410C40A21E55EF95007E490F /* User.swift in Sources */,
				41FA6CE81E52E10500B6249E /* FancyView.swift in Sources */,
				41FA6CEB1E52E43300B6249E /* Constants.swift in Sources */,
				414E39691E56296A00740FC0 /* SocialCell.swift in Sources */,
				410C409B1E55875B007E490F /* LoadingVC.swift in Sources */,
			);
			runOnlyForDeploymentPostprocessing = 0;
		};
/* End PBXSourcesBuildPhase section */

/* Begin PBXVariantGroup section */
		41D2AA431E51C6CD005478A5 /* Main.storyboard */ = {
			isa = PBXVariantGroup;
			children = (
				41D2AA441E51C6CD005478A5 /* Base */,
			);
			name = Main.storyboard;
			sourceTree = "<group>";
		};
		41D2AA481E51C6CD005478A5 /* LaunchScreen.storyboard */ = {
			isa = PBXVariantGroup;
			children = (
				41D2AA491E51C6CD005478A5 /* Base */,
			);
			name = LaunchScreen.storyboard;
			sourceTree = "<group>";
		};
/* End PBXVariantGroup section */

/* Begin XCBuildConfiguration section */
		41D2AA4C1E51C6CD005478A5 /* Debug */ = {
			isa = XCBuildConfiguration;
			buildSettings = {
				ALWAYS_SEARCH_USER_PATHS = NO;
				CLANG_ANALYZER_NONNULL = YES;
				CLANG_CXX_LANGUAGE_STANDARD = "gnu++0x";
				CLANG_CXX_LIBRARY = "libc++";
				CLANG_ENABLE_MODULES = YES;
				CLANG_ENABLE_OBJC_ARC = YES;
				CLANG_WARN_BOOL_CONVERSION = YES;
				CLANG_WARN_CONSTANT_CONVERSION = YES;
				CLANG_WARN_DIRECT_OBJC_ISA_USAGE = YES_ERROR;
				CLANG_WARN_DOCUMENTATION_COMMENTS = YES;
				CLANG_WARN_EMPTY_BODY = YES;
				CLANG_WARN_ENUM_CONVERSION = YES;
				CLANG_WARN_INFINITE_RECURSION = YES;
				CLANG_WARN_INT_CONVERSION = YES;
				CLANG_WARN_OBJC_ROOT_CLASS = YES_ERROR;
				CLANG_WARN_SUSPICIOUS_MOVE = YES;
				CLANG_WARN_UNREACHABLE_CODE = YES;
				CLANG_WARN__DUPLICATE_METHOD_MATCH = YES;
				"CODE_SIGN_IDENTITY[sdk=iphoneos*]" = "iPhone Developer";
				COPY_PHASE_STRIP = NO;
				DEBUG_INFORMATION_FORMAT = dwarf;
				ENABLE_STRICT_OBJC_MSGSEND = YES;
				ENABLE_TESTABILITY = YES;
				GCC_C_LANGUAGE_STANDARD = gnu99;
				GCC_DYNAMIC_NO_PIC = NO;
				GCC_NO_COMMON_BLOCKS = YES;
				GCC_OPTIMIZATION_LEVEL = 0;
				GCC_PREPROCESSOR_DEFINITIONS = (
					"DEBUG=1",
					"$(inherited)",
				);
				GCC_WARN_64_TO_32_BIT_CONVERSION = YES;
				GCC_WARN_ABOUT_RETURN_TYPE = YES_ERROR;
				GCC_WARN_UNDECLARED_SELECTOR = YES;
				GCC_WARN_UNINITIALIZED_AUTOS = YES_AGGRESSIVE;
				GCC_WARN_UNUSED_FUNCTION = YES;
				GCC_WARN_UNUSED_VARIABLE = YES;
				IPHONEOS_DEPLOYMENT_TARGET = 10.2;
				MTL_ENABLE_DEBUG_INFO = YES;
				ONLY_ACTIVE_ARCH = YES;
				SDKROOT = iphoneos;
				SWIFT_ACTIVE_COMPILATION_CONDITIONS = DEBUG;
				SWIFT_OPTIMIZATION_LEVEL = "-Onone";
				TARGETED_DEVICE_FAMILY = "1,2";
			};
			name = Debug;
		};
		41D2AA4D1E51C6CD005478A5 /* Release */ = {
			isa = XCBuildConfiguration;
			buildSettings = {
				ALWAYS_SEARCH_USER_PATHS = NO;
				CLANG_ANALYZER_NONNULL = YES;
				CLANG_CXX_LANGUAGE_STANDARD = "gnu++0x";
				CLANG_CXX_LIBRARY = "libc++";
				CLANG_ENABLE_MODULES = YES;
				CLANG_ENABLE_OBJC_ARC = YES;
				CLANG_WARN_BOOL_CONVERSION = YES;
				CLANG_WARN_CONSTANT_CONVERSION = YES;
				CLANG_WARN_DIRECT_OBJC_ISA_USAGE = YES_ERROR;
				CLANG_WARN_DOCUMENTATION_COMMENTS = YES;
				CLANG_WARN_EMPTY_BODY = YES;
				CLANG_WARN_ENUM_CONVERSION = YES;
				CLANG_WARN_INFINITE_RECURSION = YES;
				CLANG_WARN_INT_CONVERSION = YES;
				CLANG_WARN_OBJC_ROOT_CLASS = YES_ERROR;
				CLANG_WARN_SUSPICIOUS_MOVE = YES;
				CLANG_WARN_UNREACHABLE_CODE = YES;
				CLANG_WARN__DUPLICATE_METHOD_MATCH = YES;
				"CODE_SIGN_IDENTITY[sdk=iphoneos*]" = "iPhone Developer";
				COPY_PHASE_STRIP = NO;
				DEBUG_INFORMATION_FORMAT = "dwarf-with-dsym";
				ENABLE_NS_ASSERTIONS = NO;
				ENABLE_STRICT_OBJC_MSGSEND = YES;
				GCC_C_LANGUAGE_STANDARD = gnu99;
				GCC_NO_COMMON_BLOCKS = YES;
				GCC_WARN_64_TO_32_BIT_CONVERSION = YES;
				GCC_WARN_ABOUT_RETURN_TYPE = YES_ERROR;
				GCC_WARN_UNDECLARED_SELECTOR = YES;
				GCC_WARN_UNINITIALIZED_AUTOS = YES_AGGRESSIVE;
				GCC_WARN_UNUSED_FUNCTION = YES;
				GCC_WARN_UNUSED_VARIABLE = YES;
				IPHONEOS_DEPLOYMENT_TARGET = 10.2;
				MTL_ENABLE_DEBUG_INFO = NO;
				SDKROOT = iphoneos;
				SWIFT_OPTIMIZATION_LEVEL = "-Owholemodule";
				TARGETED_DEVICE_FAMILY = "1,2";
				VALIDATE_PRODUCT = YES;
			};
			name = Release;
		};
		41D2AA4F1E51C6CD005478A5 /* Debug */ = {
			isa = XCBuildConfiguration;
			baseConfigurationReference = 3080EC977E070216F957CA43 /* Pods-Devslopes Social.debug.xcconfig */;
			buildSettings = {
				ASSETCATALOG_COMPILER_APPICON_NAME = AppIcon;
				CODE_SIGN_ENTITLEMENTS = "Devslopes Social/Devslopes Social.entitlements";
				DEVELOPMENT_TEAM = M8X7U3UDJW;
				INFOPLIST_FILE = "Devslopes Social/Info.plist";
				LD_RUNPATH_SEARCH_PATHS = "$(inherited) @executable_path/Frameworks";
				PRODUCT_BUNDLE_IDENTIFIER = "com.bango.Devslopes-Social";
				PRODUCT_NAME = "$(TARGET_NAME)";
				SWIFT_VERSION = 3.0;
			};
			name = Debug;
		};
		41D2AA501E51C6CD005478A5 /* Release */ = {
			isa = XCBuildConfiguration;
			baseConfigurationReference = A03F33BDE770427362396BF8 /* Pods-Devslopes Social.release.xcconfig */;
			buildSettings = {
				ASSETCATALOG_COMPILER_APPICON_NAME = AppIcon;
				CODE_SIGN_ENTITLEMENTS = "Devslopes Social/Devslopes Social.entitlements";
				DEVELOPMENT_TEAM = M8X7U3UDJW;
				INFOPLIST_FILE = "Devslopes Social/Info.plist";
				LD_RUNPATH_SEARCH_PATHS = "$(inherited) @executable_path/Frameworks";
				PRODUCT_BUNDLE_IDENTIFIER = "com.bango.Devslopes-Social";
				PRODUCT_NAME = "$(TARGET_NAME)";
				SWIFT_VERSION = 3.0;
			};
			name = Release;
		};
/* End XCBuildConfiguration section */

/* Begin XCConfigurationList section */
		41D2AA371E51C6CD005478A5 /* Build configuration list for PBXProject "Devslopes Social" */ = {
			isa = XCConfigurationList;
			buildConfigurations = (
				41D2AA4C1E51C6CD005478A5 /* Debug */,
				41D2AA4D1E51C6CD005478A5 /* Release */,
			);
			defaultConfigurationIsVisible = 0;
			defaultConfigurationName = Release;
		};
		41D2AA4E1E51C6CD005478A5 /* Build configuration list for PBXNativeTarget "Devslopes Social" */ = {
			isa = XCConfigurationList;
			buildConfigurations = (
				41D2AA4F1E51C6CD005478A5 /* Debug */,
				41D2AA501E51C6CD005478A5 /* Release */,
			);
			defaultConfigurationIsVisible = 0;
			defaultConfigurationName = Release;
		};
/* End XCConfigurationList section */
	};
	rootObject = 41D2AA341E51C6CD005478A5 /* Project object */;
}
